// !$*UTF8*$!
{
	archiveVersion = 1;
	classes = {
	};
	objectVersion = 46;
	objects = {

/* Begin PBXBuildFile section */
		AC0B782F976050F21E567C9B /* Pods_Flicks.framework in Frameworks */ = {isa = PBXBuildFile; fileRef = 58EDE1BA6B4A5F342A2EDCA8 /* Pods_Flicks.framework */; };
		E43EA5041E8C643F00E2F8C5 /* AppDelegate.swift in Sources */ = {isa = PBXBuildFile; fileRef = E43EA5031E8C643F00E2F8C5 /* AppDelegate.swift */; };
		E43EA5091E8C643F00E2F8C5 /* Main.storyboard in Resources */ = {isa = PBXBuildFile; fileRef = E43EA5071E8C643F00E2F8C5 /* Main.storyboard */; };
		E43EA50B1E8C643F00E2F8C5 /* Assets.xcassets in Resources */ = {isa = PBXBuildFile; fileRef = E43EA50A1E8C643F00E2F8C5 /* Assets.xcassets */; };
		E43EA50E1E8C643F00E2F8C5 /* LaunchScreen.storyboard in Resources */ = {isa = PBXBuildFile; fileRef = E43EA50C1E8C643F00E2F8C5 /* LaunchScreen.storyboard */; };
		E43EA5161E8C892500E2F8C5 /* MoviesViewController.swift in Sources */ = {isa = PBXBuildFile; fileRef = E43EA5151E8C892500E2F8C5 /* MoviesViewController.swift */; };
/* End PBXBuildFile section */

/* Begin PBXFileReference section */
		525FAC0B0C45D701802222B5 /* Pods-Flicks.debug.xcconfig */ = {isa = PBXFileReference; includeInIndex = 1; lastKnownFileType = text.xcconfig; name = "Pods-Flicks.debug.xcconfig"; path = "Pods/Target Support Files/Pods-Flicks/Pods-Flicks.debug.xcconfig"; sourceTree = "<group>"; };
		58EDE1BA6B4A5F342A2EDCA8 /* Pods_Flicks.framework */ = {isa = PBXFileReference; explicitFileType = wrapper.framework; includeInIndex = 0; path = Pods_Flicks.framework; sourceTree = BUILT_PRODUCTS_DIR; };
		B8DE76A367A0E0BBCCFB9C49 /* Pods-Flicks.release.xcconfig */ = {isa = PBXFileReference; includeInIndex = 1; lastKnownFileType = text.xcconfig; name = "Pods-Flicks.release.xcconfig"; path = "Pods/Target Support Files/Pods-Flicks/Pods-Flicks.release.xcconfig"; sourceTree = "<group>"; };
		E43EA5001E8C643F00E2F8C5 /* Flicks.app */ = {isa = PBXFileReference; explicitFileType = wrapper.application; includeInIndex = 0; path = Flicks.app; sourceTree = BUILT_PRODUCTS_DIR; };
		E43EA5031E8C643F00E2F8C5 /* AppDelegate.swift */ = {isa = PBXFileReference; lastKnownFileType = sourcecode.swift; path = AppDelegate.swift; sourceTree = "<group>"; };
		E43EA5081E8C643F00E2F8C5 /* Base */ = {isa = PBXFileReference; lastKnownFileType = file.storyboard; name = Base; path = Base.lproj/Main.storyboard; sourceTree = "<group>"; };
		E43EA50A1E8C643F00E2F8C5 /* Assets.xcassets */ = {isa = PBXFileReference; lastKnownFileType = folder.assetcatalog; path = Assets.xcassets; sourceTree = "<group>"; };
		E43EA50D1E8C643F00E2F8C5 /* Base */ = {isa = PBXFileReference; lastKnownFileType = file.storyboard; name = Base; path = Base.lproj/LaunchScreen.storyboard; sourceTree = "<group>"; };
		E43EA50F1E8C643F00E2F8C5 /* Info.plist */ = {isa = PBXFileReference; lastKnownFileType = text.plist.xml; path = Info.plist; sourceTree = "<group>"; };
		E43EA5151E8C892500E2F8C5 /* MoviesViewController.swift */ = {isa = PBXFileReference; fileEncoding = 4; lastKnownFileType = sourcecode.swift; path = MoviesViewController.swift; sourceTree = "<group>"; };
/* End PBXFileReference section */

/* Begin PBXFrameworksBuildPhase section */
		E43EA4FD1E8C643F00E2F8C5 /* Frameworks */ = {
			isa = PBXFrameworksBuildPhase;
			buildActionMask = 2147483647;
			files = (
				AC0B782F976050F21E567C9B /* Pods_Flicks.framework in Frameworks */,
			);
			runOnlyForDeploymentPostprocessing = 0;
		};
/* End PBXFrameworksBuildPhase section */

/* Begin PBXGroup section */
		78E1F9F087F8CD16801C2BE5 /* Frameworks */ = {
			isa = PBXGroup;
			children = (
				58EDE1BA6B4A5F342A2EDCA8 /* Pods_Flicks.framework */,
			);
			name = Frameworks;
			sourceTree = "<group>";
		};
		DB0801DF506BA8AF12A7458E /* Pods */ = {
			isa = PBXGroup;
			children = (
				525FAC0B0C45D701802222B5 /* Pods-Flicks.debug.xcconfig */,
				B8DE76A367A0E0BBCCFB9C49 /* Pods-Flicks.release.xcconfig */,
			);
			name = Pods;
			sourceTree = "<group>";
		};
		E43EA4F71E8C643F00E2F8C5 = {
			isa = PBXGroup;
			children = (
				E43EA5021E8C643F00E2F8C5 /* Flicks */,
				E43EA5011E8C643F00E2F8C5 /* Products */,
				DB0801DF506BA8AF12A7458E /* Pods */,
				78E1F9F087F8CD16801C2BE5 /* Frameworks */,
			);
			sourceTree = "<group>";
		};
		E43EA5011E8C643F00E2F8C5 /* Products */ = {
			isa = PBXGroup;
			children = (
				E43EA5001E8C643F00E2F8C5 /* Flicks.app */,
			);
			name = Products;
			sourceTree = "<group>";
		};
		E43EA5021E8C643F00E2F8C5 /* Flicks */ = {
			isa = PBXGroup;
			children = (
				E43EA5031E8C643F00E2F8C5 /* AppDelegate.swift */,
				E43EA5071E8C643F00E2F8C5 /* Main.storyboard */,
				E43EA50A1E8C643F00E2F8C5 /* Assets.xcassets */,
				E43EA50C1E8C643F00E2F8C5 /* LaunchScreen.storyboard */,
				E43EA50F1E8C643F00E2F8C5 /* Info.plist */,
				E43EA5151E8C892500E2F8C5 /* MoviesViewController.swift */,
			);
			path = Flicks;
			sourceTree = "<group>";
		};
/* End PBXGroup section */

/* Begin PBXNativeTarget section */
		E43EA4FF1E8C643F00E2F8C5 /* Flicks */ = {
			isa = PBXNativeTarget;
			buildConfigurationList = E43EA5121E8C643F00E2F8C5 /* Build configuration list for PBXNativeTarget "Flicks" */;
			buildPhases = (
				12F9399B35B3E73D0343581B /* [CP] Check Pods Manifest.lock */,
				E43EA4FC1E8C643F00E2F8C5 /* Sources */,
				E43EA4FD1E8C643F00E2F8C5 /* Frameworks */,
				E43EA4FE1E8C643F00E2F8C5 /* Resources */,
				7C6DE75CA2A7AB0F75EC2B8C /* [CP] Embed Pods Frameworks */,
				FBBC2D41F691CA653AA66A17 /* [CP] Copy Pods Resources */,
			);
			buildRules = (
			);
			dependencies = (
			);
			name = Flicks;
			productName = Flicks;
			productReference = E43EA5001E8C643F00E2F8C5 /* Flicks.app */;
			productType = "com.apple.product-type.application";
		};
/* End PBXNativeTarget section */

/* Begin PBXProject section */
		E43EA4F81E8C643F00E2F8C5 /* Project object */ = {
			isa = PBXProject;
			attributes = {
				LastSwiftUpdateCheck = 0800;
				LastUpgradeCheck = 0800;
				ORGANIZATIONNAME = "Pari, Nithya";
				TargetAttributes = {
					E43EA4FF1E8C643F00E2F8C5 = {
						CreatedOnToolsVersion = 8.0;
						DevelopmentTeam = 48HK3M9PGT;
						ProvisioningStyle = Automatic;
					};
				};
			};
			buildConfigurationList = E43EA4FB1E8C643F00E2F8C5 /* Build configuration list for PBXProject "Flicks" */;
			compatibilityVersion = "Xcode 3.2";
			developmentRegion = English;
			hasScannedForEncodings = 0;
			knownRegions = (
				en,
				Base,
			);
			mainGroup = E43EA4F71E8C643F00E2F8C5;
			productRefGroup = E43EA5011E8C643F00E2F8C5 /* Products */;
			projectDirPath = "";
			projectRoot = "";
			targets = (
				E43EA4FF1E8C643F00E2F8C5 /* Flicks */,
			);
		};
/* End PBXProject section */

/* Begin PBXResourcesBuildPhase section */
		E43EA4FE1E8C643F00E2F8C5 /* Resources */ = {
			isa = PBXResourcesBuildPhase;
			buildActionMask = 2147483647;
			files = (
				E43EA50E1E8C643F00E2F8C5 /* LaunchScreen.storyboard in Resources */,
				E43EA50B1E8C643F00E2F8C5 /* Assets.xcassets in Resources */,
				E43EA5091E8C643F00E2F8C5 /* Main.storyboard in Resources */,
			);
			runOnlyForDeploymentPostprocessing = 0;
		};
/* End PBXResourcesBuildPhase section */

/* Begin PBXShellScriptBuildPhase section */
		12F9399B35B3E73D0343581B /* [CP] Check Pods Manifest.lock */ = {
			isa = PBXShellScriptBuildPhase;
			buildActionMask = 2147483647;
			files = (
			);
			inputPaths = (
			);
			name = "[CP] Check Pods Manifest.lock";
			outputPaths = (
			);
			runOnlyForDeploymentPostprocessing = 0;
			shellPath = /bin/sh;
			shellScript = "diff \"${PODS_ROOT}/../Podfile.lock\" \"${PODS_ROOT}/Manifest.lock\" > /dev/null\nif [ $? != 0 ] ; then\n    # print error to STDERR\n    echo \"error: The sandbox is not in sync with the Podfile.lock. Run 'pod install' or update your CocoaPods installation.\" >&2\n    exit 1\nfi\n";
			showEnvVarsInLog = 0;
		};
		7C6DE75CA2A7AB0F75EC2B8C /* [CP] Embed Pods Frameworks */ = {
			isa = PBXShellScriptBuildPhase;
			buildActionMask = 2147483647;
			files = (
			);
			inputPaths = (
			);
			name = "[CP] Embed Pods Frameworks";
			outputPaths = (
			);
			runOnlyForDeploymentPostprocessing = 0;
			shellPath = /bin/sh;
			shellScript = "\"${SRCROOT}/Pods/Target Support Files/Pods-Flicks/Pods-Flicks-frameworks.sh\"\n";
			showEnvVarsInLog = 0;
		};
		FBBC2D41F691CA653AA66A17 /* [CP] Copy Pods Resources */ = {
			isa = PBXShellScriptBuildPhase;
			buildActionMask = 2147483647;
			files = (
			);
			inputPaths = (
			);
			name = "[CP] Copy Pods Resources";
			outputPaths = (
			);
			runOnlyForDeploymentPostprocessing = 0;
			shellPath = /bin/sh;
			shellScript = "\"${SRCROOT}/Pods/Target Support Files/Pods-Flicks/Pods-Flicks-resources.sh\"\n";
			showEnvVarsInLog = 0;
		};
/* End PBXShellScriptBuildPhase section */

/* Begin PBXSourcesBuildPhase section */
		E43EA4FC1E8C643F00E2F8C5 /* Sources */ = {
			isa = PBXSourcesBuildPhase;
			buildActionMask = 2147483647;
			files = (
				E43EA5041E8C643F00E2F8C5 /* AppDelegate.swift in Sources */,
				E43EA5161E8C892500E2F8C5 /* MoviesViewController.swift in Sources */,
			);
			runOnlyForDeploymentPostprocessing = 0;
		};
/* End PBXSourcesBuildPhase section */

/* Begin PBXVariantGroup section */
		E43EA5071E8C643F00E2F8C5 /* Main.storyboard */ = {
			isa = PBXVariantGroup;
			children = (
				E43EA5081E8C643F00E2F8C5 /* Base */,
			);
			name = Main.storyboard;
			sourceTree = "<group>";
		};
		E43EA50C1E8C643F00E2F8C5 /* LaunchScreen.storyboard */ = {
			isa = PBXVariantGroup;
			children = (
				E43EA50D1E8C643F00E2F8C5 /* Base */,
			);
			name = LaunchScreen.storyboard;
			sourceTree = "<group>";
		};
/* End PBXVariantGroup section */

/* Begin XCBuildConfiguration section */
		E43EA5101E8C643F00E2F8C5 /* Debug */ = {
			isa = XCBuildConfiguration;
			buildSettings = {
				ALWAYS_SEARCH_USER_PATHS = NO;
				CLANG_ANALYZER_NONNULL = YES;
				CLANG_CXX_LANGUAGE_STANDARD = "gnu++0x";
				CLANG_CXX_LIBRARY = "libc++";
				CLANG_ENABLE_MODULES = YES;
				CLANG_ENABLE_OBJC_ARC = YES;
				CLANG_WARN_BOOL_CONVERSION = YES;
				CLANG_WARN_CONSTANT_CONVERSION = YES;
				CLANG_WARN_DIRECT_OBJC_ISA_USAGE = YES_ERROR;
				CLANG_WARN_DOCUMENTATION_COMMENTS = YES;
				CLANG_WARN_EMPTY_BODY = YES;
				CLANG_WARN_ENUM_CONVERSION = YES;
				CLANG_WARN_INFINITE_RECURSION = YES;
				CLANG_WARN_INT_CONVERSION = YES;
				CLANG_WARN_OBJC_ROOT_CLASS = YES_ERROR;
				CLANG_WARN_SUSPICIOUS_MOVES = YES;
				CLANG_WARN_UNREACHABLE_CODE = YES;
				CLANG_WARN__DUPLICATE_METHOD_MATCH = YES;
				"CODE_SIGN_IDENTITY[sdk=iphoneos*]" = "iPhone Developer";
				COPY_PHASE_STRIP = NO;
				DEBUG_INFORMATION_FORMAT = dwarf;
				ENABLE_STRICT_OBJC_MSGSEND = YES;
				ENABLE_TESTABILITY = YES;
				GCC_C_LANGUAGE_STANDARD = gnu99;
				GCC_DYNAMIC_NO_PIC = NO;
				GCC_NO_COMMON_BLOCKS = YES;
				GCC_OPTIMIZATION_LEVEL = 0;
				GCC_PREPROCESSOR_DEFINITIONS = (
					"DEBUG=1",
					"$(inherited)",
				);
				GCC_WARN_64_TO_32_BIT_CONVERSION = YES;
				GCC_WARN_ABOUT_RETURN_TYPE = YES_ERROR;
				GCC_WARN_UNDECLARED_SELECTOR = YES;
				GCC_WARN_UNINITIALIZED_AUTOS = YES_AGGRESSIVE;
				GCC_WARN_UNUSED_FUNCTION = YES;
				GCC_WARN_UNUSED_VARIABLE = YES;
				IPHONEOS_DEPLOYMENT_TARGET = 10.0;
				MTL_ENABLE_DEBUG_INFO = YES;
				ONLY_ACTIVE_ARCH = YES;
				SDKROOT = iphoneos;
				SWIFT_ACTIVE_COMPILATION_CONDITIONS = DEBUG;
				SWIFT_OPTIMIZATION_LEVEL = "-Onone";
				TARGETED_DEVICE_FAMILY = "1,2";
			};
			name = Debug;
		};
		E43EA5111E8C643F00E2F8C5 /* Release */ = {
			isa = XCBuildConfiguration;
			buildSettings = {
				ALWAYS_SEARCH_USER_PATHS = NO;
				CLANG_ANALYZER_NONNULL = YES;
				CLANG_CXX_LANGUAGE_STANDARD = "gnu++0x";
				CLANG_CXX_LIBRARY = "libc++";
				CLANG_ENABLE_MODULES = YES;
				CLANG_ENABLE_OBJC_ARC = YES;
				CLANG_WARN_BOOL_CONVERSION = YES;
				CLANG_WARN_CONSTANT_CONVERSION = YES;
				CLANG_WARN_DIRECT_OBJC_ISA_USAGE = YES_ERROR;
				CLANG_WARN_DOCUMENTATION_COMMENTS = YES;
				CLANG_WARN_EMPTY_BODY = YES;
				CLANG_WARN_ENUM_CONVERSION = YES;
				CLANG_WARN_INFINITE_RECURSION = YES;
				CLANG_WARN_INT_CONVERSION = YES;
				CLANG_WARN_OBJC_ROOT_CLASS = YES_ERROR;
				CLANG_WARN_SUSPICIOUS_MOVES = YES;
				CLANG_WARN_UNREACHABLE_CODE = YES;
				CLANG_WARN__DUPLICATE_METHOD_MATCH = YES;
				"CODE_SIGN_IDENTITY[sdk=iphoneos*]" = "iPhone Developer";
				COPY_PHASE_STRIP = NO;
				DEBUG_INFORMATION_FORMAT = "dwarf-with-dsym";
				ENABLE_NS_ASSERTIONS = NO;
				ENABLE_STRICT_OBJC_MSGSEND = YES;
				GCC_C_LANGUAGE_STANDARD = gnu99;
				GCC_NO_COMMON_BLOCKS = YES;
				GCC_WARN_64_TO_32_BIT_CONVERSION = YES;
				GCC_WARN_ABOUT_RETURN_TYPE = YES_ERROR;
				GCC_WARN_UNDECLARED_SELECTOR = YES;
				GCC_WARN_UNINITIALIZED_AUTOS = YES_AGGRESSIVE;
				GCC_WARN_UNUSED_FUNCTION = YES;
				GCC_WARN_UNUSED_VARIABLE = YES;
				IPHONEOS_DEPLOYMENT_TARGET = 10.0;
				MTL_ENABLE_DEBUG_INFO = NO;
				SDKROOT = iphoneos;
				SWIFT_OPTIMIZATION_LEVEL = "-Owholemodule";
				TARGETED_DEVICE_FAMILY = "1,2";
				VALIDATE_PRODUCT = YES;
			};
			name = Release;
		};
		E43EA5131E8C643F00E2F8C5 /* Debug */ = {
			isa = XCBuildConfiguration;
			baseConfigurationReference = 525FAC0B0C45D701802222B5 /* Pods-Flicks.debug.xcconfig */;
			buildSettings = {
				ASSETCATALOG_COMPILER_APPICON_NAME = AppIcon;
				DEVELOPMENT_TEAM = 48HK3M9PGT;
				INFOPLIST_FILE = Flicks/Info.plist;
				LD_RUNPATH_SEARCH_PATHS = "$(inherited) @executable_path/Frameworks";
				PRODUCT_BUNDLE_IDENTIFIER = nithyapari.Flicks;
				PRODUCT_NAME = "$(TARGET_NAME)";
				SWIFT_VERSION = 3.0;
			};
			name = Debug;
		};
		E43EA5141E8C643F00E2F8C5 /* Release */ = {
			isa = XCBuildConfiguration;
			baseConfigurationReference = B8DE76A367A0E0BBCCFB9C49 /* Pods-Flicks.release.xcconfig */;
			buildSettings = {
				ASSETCATALOG_COMPILER_APPICON_NAME = AppIcon;
				DEVELOPMENT_TEAM = 48HK3M9PGT;
				INFOPLIST_FILE = Flicks/Info.plist;
				LD_RUNPATH_SEARCH_PATHS = "$(inherited) @executable_path/Frameworks";
				PRODUCT_BUNDLE_IDENTIFIER = nithyapari.Flicks;
				PRODUCT_NAME = "$(TARGET_NAME)";
				SWIFT_VERSION = 3.0;
			};
			name = Release;
		};
/* End XCBuildConfiguration section */

/* Begin XCConfigurationList section */
		E43EA4FB1E8C643F00E2F8C5 /* Build configuration list for PBXProject "Flicks" */ = {
			isa = XCConfigurationList;
			buildConfigurations = (
				E43EA5101E8C643F00E2F8C5 /* Debug */,
				E43EA5111E8C643F00E2F8C5 /* Release */,
			);
			defaultConfigurationIsVisible = 0;
			defaultConfigurationName = Release;
		};
		E43EA5121E8C643F00E2F8C5 /* Build configuration list for PBXNativeTarget "Flicks" */ = {
			isa = XCConfigurationList;
			buildConfigurations = (
				E43EA5131E8C643F00E2F8C5 /* Debug */,
				E43EA5141E8C643F00E2F8C5 /* Release */,
			);
			defaultConfigurationIsVisible = 0;
			defaultConfigurationName = Release;
		};
/* End XCConfigurationList section */
	};
	rootObject = E43EA4F81E8C643F00E2F8C5 /* Project object */;
}
